// !$*UTF8*$!
{
	archiveVersion = 1;
	classes = {
	};
	objectVersion = 50;
	objects = {

/* Begin PBXBuildFile section */
		1EB95583245434F70019CC7E /* partie_jouer.c in Sources */ = {isa = PBXBuildFile; fileRef = 1EB95582245434F70019CC7E /* partie_jouer.c */; };
		1EB955862461B04C0019CC7E /* random.c in Sources */ = {isa = PBXBuildFile; fileRef = 1EB955852461B04C0019CC7E /* random.c */; };
		600B241B245EFF7900FD1F23 /* IA.c in Sources */ = {isa = PBXBuildFile; fileRef = 600B241A245EFF7900FD1F23 /* IA.c */; };
		600B241E245F061300FD1F23 /* two_Players.c in Sources */ = {isa = PBXBuildFile; fileRef = 600B241D245F061300FD1F23 /* two_Players.c */; };
		600B2427245F0AF600FD1F23 /* four_Players.c in Sources */ = {isa = PBXBuildFile; fileRef = 600B2426245F0AF600FD1F23 /* four_Players.c */; };
		6038824B2433BC9C00CD8112 /* Fonctions_reutilisable.c in Sources */ = {isa = PBXBuildFile; fileRef = 6038824A2433BC9C00CD8112 /* Fonctions_reutilisable.c */; };
		6038C3F6241E233400C6EF82 /* main.c in Sources */ = {isa = PBXBuildFile; fileRef = 6038C3F5241E233400C6EF82 /* main.c */; };
		604A121724656B9C00F579BA /* Plateau.c in Sources */ = {isa = PBXBuildFile; fileRef = 604A121624656B9C00F579BA /* Plateau.c */; };
		60593C7C246AA04C00B80F22 /* One_player.c in Sources */ = {isa = PBXBuildFile; fileRef = 60593C7B246AA04C00B80F22 /* One_player.c */; };
		609BC505245F255A001048BC /* test_fonction.c in Sources */ = {isa = PBXBuildFile; fileRef = 609BC504245F255A001048BC /* test_fonction.c */; };
		60FEB3042438CE4D00B3D5D0 /* Infos_start.c in Sources */ = {isa = PBXBuildFile; fileRef = 60FEB3032438CE4D00B3D5D0 /* Infos_start.c */; };
		60FEB3072438CFFC00B3D5D0 /* Reflexions.c in Sources */ = {isa = PBXBuildFile; fileRef = 60FEB3062438CFFC00B3D5D0 /* Reflexions.c */; };
/* End PBXBuildFile section */

/* Begin PBXCopyFilesBuildPhase section */
		6038C3F0241E233400C6EF82 /* CopyFiles */ = {
			isa = PBXCopyFilesBuildPhase;
			buildActionMask = 2147483647;
			dstPath = /usr/share/man/man1/;
			dstSubfolderSpec = 0;
			files = (
			);
			runOnlyForDeploymentPostprocessing = 1;
		};
/* End PBXCopyFilesBuildPhase section */

/* Begin PBXFileReference section */
		1EB95581245434F70019CC7E /* partie_jouer.h */ = {isa = PBXFileReference; lastKnownFileType = sourcecode.c.h; path = partie_jouer.h; sourceTree = "<group>"; };
		1EB95582245434F70019CC7E /* partie_jouer.c */ = {isa = PBXFileReference; lastKnownFileType = sourcecode.c.c; path = partie_jouer.c; sourceTree = "<group>"; };
		1EB955842461B04C0019CC7E /* random.h */ = {isa = PBXFileReference; lastKnownFileType = sourcecode.c.h; path = random.h; sourceTree = "<group>"; };
		1EB955852461B04C0019CC7E /* random.c */ = {isa = PBXFileReference; lastKnownFileType = sourcecode.c.c; path = random.c; sourceTree = "<group>"; };
		600B241A245EFF7900FD1F23 /* IA.c */ = {isa = PBXFileReference; lastKnownFileType = sourcecode.c.c; path = IA.c; sourceTree = "<group>"; };
		600B241C245F061300FD1F23 /* two_Players.h */ = {isa = PBXFileReference; lastKnownFileType = sourcecode.c.h; path = two_Players.h; sourceTree = "<group>"; };
		600B241D245F061300FD1F23 /* two_Players.c */ = {isa = PBXFileReference; lastKnownFileType = sourcecode.c.c; path = two_Players.c; sourceTree = "<group>"; };
		600B241F245F066100FD1F23 /* header.h */ = {isa = PBXFileReference; lastKnownFileType = sourcecode.c.h; path = header.h; sourceTree = "<group>"; };
		600B2425245F0AF600FD1F23 /* four_Players.h */ = {isa = PBXFileReference; lastKnownFileType = sourcecode.c.h; path = four_Players.h; sourceTree = "<group>"; };
		600B2426245F0AF600FD1F23 /* four_Players.c */ = {isa = PBXFileReference; lastKnownFileType = sourcecode.c.c; path = four_Players.c; sourceTree = "<group>"; };
		603882492433BC9C00CD8112 /* Fonctions_reutilisable.h */ = {isa = PBXFileReference; lastKnownFileType = sourcecode.c.h; path = Fonctions_reutilisable.h; sourceTree = "<group>"; };
		6038824A2433BC9C00CD8112 /* Fonctions_reutilisable.c */ = {isa = PBXFileReference; lastKnownFileType = sourcecode.c.c; path = Fonctions_reutilisable.c; sourceTree = "<group>"; };
		6038C3F2241E233400C6EF82 /* Quoridor Alexandre_picault&Foucaud_du_Portal */ = {isa = PBXFileReference; explicitFileType = "compiled.mach-o.executable"; includeInIndex = 0; path = "Quoridor Alexandre_picault&Foucaud_du_Portal"; sourceTree = BUILT_PRODUCTS_DIR; };
		6038C3F5241E233400C6EF82 /* main.c */ = {isa = PBXFileReference; lastKnownFileType = sourcecode.c.c; path = main.c; sourceTree = "<group>"; };
		604A121524656B9C00F579BA /* Plateau.h */ = {isa = PBXFileReference; lastKnownFileType = sourcecode.c.h; path = Plateau.h; sourceTree = "<group>"; };
		604A121624656B9C00F579BA /* Plateau.c */ = {isa = PBXFileReference; lastKnownFileType = sourcecode.c.c; path = Plateau.c; sourceTree = "<group>"; };
		60593C7A246AA04C00B80F22 /* One_player.h */ = {isa = PBXFileReference; lastKnownFileType = sourcecode.c.h; path = One_player.h; sourceTree = "<group>"; };
		60593C7B246AA04C00B80F22 /* One_player.c */ = {isa = PBXFileReference; lastKnownFileType = sourcecode.c.c; path = One_player.c; sourceTree = "<group>"; };
		609BC503245F255A001048BC /* test_fonction.h */ = {isa = PBXFileReference; lastKnownFileType = sourcecode.c.h; path = test_fonction.h; sourceTree = "<group>"; };
		609BC504245F255A001048BC /* test_fonction.c */ = {isa = PBXFileReference; lastKnownFileType = sourcecode.c.c; path = test_fonction.c; sourceTree = "<group>"; };
		60FEB3022438CE4D00B3D5D0 /* Infos_start.h */ = {isa = PBXFileReference; lastKnownFileType = sourcecode.c.h; path = Infos_start.h; sourceTree = "<group>"; };
		60FEB3032438CE4D00B3D5D0 /* Infos_start.c */ = {isa = PBXFileReference; lastKnownFileType = sourcecode.c.c; path = Infos_start.c; sourceTree = "<group>"; };
		60FEB3062438CFFC00B3D5D0 /* Reflexions.c */ = {isa = PBXFileReference; lastKnownFileType = sourcecode.c.c; path = Reflexions.c; sourceTree = "<group>"; };
/* End PBXFileReference section */

/* Begin PBXFrameworksBuildPhase section */
		6038C3EF241E233400C6EF82 /* Frameworks */ = {
			isa = PBXFrameworksBuildPhase;
			buildActionMask = 2147483647;
			files = (
			);
			runOnlyForDeploymentPostprocessing = 0;
		};
/* End PBXFrameworksBuildPhase section */

/* Begin PBXGroup section */
		6038C3E9241E233400C6EF82 = {
			isa = PBXGroup;
			children = (
				6038C3F4241E233400C6EF82 /* Quoridor Alexandre_picault&Foucaud_du_Portal */,
				6038C3F3241E233400C6EF82 /* Products */,
			);
			sourceTree = "<group>";
		};
		6038C3F3241E233400C6EF82 /* Products */ = {
			isa = PBXGroup;
			children = (
				6038C3F2241E233400C6EF82 /* Quoridor Alexandre_picault&Foucaud_du_Portal */,
			);
			name = Products;
			sourceTree = "<group>";
		};
		6038C3F4241E233400C6EF82 /* Quoridor Alexandre_picault&Foucaud_du_Portal */ = {
			isa = PBXGroup;
			children = (
				60FEB3062438CFFC00B3D5D0 /* Reflexions.c */,
				600B241A245EFF7900FD1F23 /* IA.c */,
				600B241F245F066100FD1F23 /* header.h */,
				603882492433BC9C00CD8112 /* Fonctions_reutilisable.h */,
				6038824A2433BC9C00CD8112 /* Fonctions_reutilisable.c */,
				6038C3F5241E233400C6EF82 /* main.c */,
				60FEB3022438CE4D00B3D5D0 /* Infos_start.h */,
				60FEB3032438CE4D00B3D5D0 /* Infos_start.c */,
				1EB95581245434F70019CC7E /* partie_jouer.h */,
				1EB95582245434F70019CC7E /* partie_jouer.c */,
				60593C7A246AA04C00B80F22 /* One_player.h */,
				60593C7B246AA04C00B80F22 /* One_player.c */,
				600B241C245F061300FD1F23 /* two_Players.h */,
				600B241D245F061300FD1F23 /* two_Players.c */,
				600B2425245F0AF600FD1F23 /* four_Players.h */,
				600B2426245F0AF600FD1F23 /* four_Players.c */,
				1EB955842461B04C0019CC7E /* random.h */,
				1EB955852461B04C0019CC7E /* random.c */,
				604A121524656B9C00F579BA /* Plateau.h */,
				604A121624656B9C00F579BA /* Plateau.c */,
				609BC503245F255A001048BC /* test_fonction.h */,
				609BC504245F255A001048BC /* test_fonction.c */,
			);
			path = "Quoridor Alexandre_picault&Foucaud_du_Portal";
			sourceTree = "<group>";
		};
/* End PBXGroup section */

/* Begin PBXNativeTarget section */
		6038C3F1241E233400C6EF82 /* Quoridor Alexandre_picault&Foucaud_du_Portal */ = {
			isa = PBXNativeTarget;
			buildConfigurationList = 6038C3F9241E233400C6EF82 /* Build configuration list for PBXNativeTarget "Quoridor Alexandre_picault&Foucaud_du_Portal" */;
			buildPhases = (
				6038C3EE241E233400C6EF82 /* Sources */,
				6038C3EF241E233400C6EF82 /* Frameworks */,
				6038C3F0241E233400C6EF82 /* CopyFiles */,
			);
			buildRules = (
			);
			dependencies = (
			);
			name = "Quoridor Alexandre_picault&Foucaud_du_Portal";
			productName = "Quoridor Alexandre_picault&Foucaud_du_Portal";
			productReference = 6038C3F2241E233400C6EF82 /* Quoridor Alexandre_picault&Foucaud_du_Portal */;
			productType = "com.apple.product-type.tool";
		};
/* End PBXNativeTarget section */

/* Begin PBXProject section */
		6038C3EA241E233400C6EF82 /* Project object */ = {
			isa = PBXProject;
			attributes = {
				LastUpgradeCheck = 1140;
				ORGANIZATIONNAME = "Foucaud de Bouët du Portal&Alexandre Picault";
				TargetAttributes = {
					6038C3F1241E233400C6EF82 = {
						CreatedOnToolsVersion = 11.3.1;
					};
				};
			};
			buildConfigurationList = 6038C3ED241E233400C6EF82 /* Build configuration list for PBXProject "Quoridor Alexandre_picault&Foucaud_du_Portal" */;
			compatibilityVersion = "Xcode 9.3";
			developmentRegion = en;
			hasScannedForEncodings = 0;
			knownRegions = (
				en,
				Base,
			);
			mainGroup = 6038C3E9241E233400C6EF82;
			productRefGroup = 6038C3F3241E233400C6EF82 /* Products */;
			projectDirPath = "";
			projectRoot = "";
			targets = (
				6038C3F1241E233400C6EF82 /* Quoridor Alexandre_picault&Foucaud_du_Portal */,
			);
		};
/* End PBXProject section */

/* Begin PBXSourcesBuildPhase section */
		6038C3EE241E233400C6EF82 /* Sources */ = {
			isa = PBXSourcesBuildPhase;
			buildActionMask = 2147483647;
			files = (
				1EB95583245434F70019CC7E /* partie_jouer.c in Sources */,
				60FEB3072438CFFC00B3D5D0 /* Reflexions.c in Sources */,
				604A121724656B9C00F579BA /* Plateau.c in Sources */,
				6038824B2433BC9C00CD8112 /* Fonctions_reutilisable.c in Sources */,
				609BC505245F255A001048BC /* test_fonction.c in Sources */,
				600B241E245F061300FD1F23 /* two_Players.c in Sources */,
				600B241B245EFF7900FD1F23 /* IA.c in Sources */,
				60593C7C246AA04C00B80F22 /* One_player.c in Sources */,
				6038C3F6241E233400C6EF82 /* main.c in Sources */,
				60FEB3042438CE4D00B3D5D0 /* Infos_start.c in Sources */,
				1EB955862461B04C0019CC7E /* random.c in Sources */,
				600B2427245F0AF600FD1F23 /* four_Players.c in Sources */,
			);
			runOnlyForDeploymentPostprocessing = 0;
		};
/* End PBXSourcesBuildPhase section */

/* Begin XCBuildConfiguration section */
		6038C3F7241E233400C6EF82 /* Debug */ = {
			isa = XCBuildConfiguration;
			buildSettings = {
				ALWAYS_SEARCH_USER_PATHS = NO;
				CLANG_ANALYZER_NONNULL = YES;
				CLANG_ANALYZER_NUMBER_OBJECT_CONVERSION = YES_AGGRESSIVE;
				CLANG_CXX_LANGUAGE_STANDARD = "gnu++14";
				CLANG_CXX_LIBRARY = "libc++";
				CLANG_ENABLE_MODULES = YES;
				CLANG_ENABLE_OBJC_ARC = YES;
				CLANG_ENABLE_OBJC_WEAK = YES;
				CLANG_WARN_BLOCK_CAPTURE_AUTORELEASING = YES;
				CLANG_WARN_BOOL_CONVERSION = YES;
				CLANG_WARN_COMMA = YES;
				CLANG_WARN_CONSTANT_CONVERSION = YES;
				CLANG_WARN_DEPRECATED_OBJC_IMPLEMENTATIONS = YES;
				CLANG_WARN_DIRECT_OBJC_ISA_USAGE = YES_ERROR;
				CLANG_WARN_DOCUMENTATION_COMMENTS = YES;
				CLANG_WARN_EMPTY_BODY = YES;
				CLANG_WARN_ENUM_CONVERSION = YES;
				CLANG_WARN_INFINITE_RECURSION = YES;
				CLANG_WARN_INT_CONVERSION = YES;
				CLANG_WARN_NON_LITERAL_NULL_CONVERSION = YES;
				CLANG_WARN_OBJC_IMPLICIT_RETAIN_SELF = YES;
				CLANG_WARN_OBJC_LITERAL_CONVERSION = YES;
				CLANG_WARN_OBJC_ROOT_CLASS = YES_ERROR;
				CLANG_WARN_RANGE_LOOP_ANALYSIS = YES;
				CLANG_WARN_STRICT_PROTOTYPES = YES;
				CLANG_WARN_SUSPICIOUS_MOVE = YES;
				CLANG_WARN_UNGUARDED_AVAILABILITY = YES_AGGRESSIVE;
				CLANG_WARN_UNREACHABLE_CODE = YES;
				CLANG_WARN__DUPLICATE_METHOD_MATCH = YES;
				COPY_PHASE_STRIP = NO;
				DEBUG_INFORMATION_FORMAT = dwarf;
				ENABLE_STRICT_OBJC_MSGSEND = YES;
				ENABLE_TESTABILITY = YES;
				GCC_C_LANGUAGE_STANDARD = gnu11;
				GCC_DYNAMIC_NO_PIC = NO;
				GCC_NO_COMMON_BLOCKS = YES;
				GCC_OPTIMIZATION_LEVEL = 0;
				GCC_PREPROCESSOR_DEFINITIONS = (
					"DEBUG=1",
					"$(inherited)",
				);
				GCC_WARN_64_TO_32_BIT_CONVERSION = YES;
				GCC_WARN_ABOUT_RETURN_TYPE = YES_ERROR;
				GCC_WARN_UNDECLARED_SELECTOR = YES;
				GCC_WARN_UNINITIALIZED_AUTOS = YES_AGGRESSIVE;
				GCC_WARN_UNUSED_FUNCTION = YES;
				GCC_WARN_UNUSED_VARIABLE = YES;
				MACOSX_DEPLOYMENT_TARGET = 10.15;
				MTL_ENABLE_DEBUG_INFO = INCLUDE_SOURCE;
				MTL_FAST_MATH = YES;
				ONLY_ACTIVE_ARCH = YES;
				SDKROOT = macosx;
			};
			name = Debug;
		};
		6038C3F8241E233400C6EF82 /* Release */ = {
			isa = XCBuildConfiguration;
			buildSettings = {
				ALWAYS_SEARCH_USER_PATHS = NO;
				CLANG_ANALYZER_NONNULL = YES;
				CLANG_ANALYZER_NUMBER_OBJECT_CONVERSION = YES_AGGRESSIVE;
				CLANG_CXX_LANGUAGE_STANDARD = "gnu++14";
				CLANG_CXX_LIBRARY = "libc++";
				CLANG_ENABLE_MODULES = YES;
				CLANG_ENABLE_OBJC_ARC = YES;
				CLANG_ENABLE_OBJC_WEAK = YES;
				CLANG_WARN_BLOCK_CAPTURE_AUTORELEASING = YES;
				CLANG_WARN_BOOL_CONVERSION = YES;
				CLANG_WARN_COMMA = YES;
				CLANG_WARN_CONSTANT_CONVERSION = YES;
				CLANG_WARN_DEPRECATED_OBJC_IMPLEMENTATIONS = YES;
				CLANG_WARN_DIRECT_OBJC_ISA_USAGE = YES_ERROR;
				CLANG_WARN_DOCUMENTATION_COMMENTS = YES;
				CLANG_WARN_EMPTY_BODY = YES;
				CLANG_WARN_ENUM_CONVERSION = YES;
				CLANG_WARN_INFINITE_RECURSION = YES;
				CLANG_WARN_INT_CONVERSION = YES;
				CLANG_WARN_NON_LITERAL_NULL_CONVERSION = YES;
				CLANG_WARN_OBJC_IMPLICIT_RETAIN_SELF = YES;
				CLANG_WARN_OBJC_LITERAL_CONVERSION = YES;
				CLANG_WARN_OBJC_ROOT_CLASS = YES_ERROR;
				CLANG_WARN_RANGE_LOOP_ANALYSIS = YES;
				CLANG_WARN_STRICT_PROTOTYPES = YES;
				CLANG_WARN_SUSPICIOUS_MOVE = YES;
				CLANG_WARN_UNGUARDED_AVAILABILITY = YES_AGGRESSIVE;
				CLANG_WARN_UNREACHABLE_CODE = YES;
				CLANG_WARN__DUPLICATE_METHOD_MATCH = YES;
				COPY_PHASE_STRIP = NO;
				DEBUG_INFORMATION_FORMAT = "dwarf-with-dsym";
				ENABLE_NS_ASSERTIONS = NO;
				ENABLE_STRICT_OBJC_MSGSEND = YES;
				GCC_C_LANGUAGE_STANDARD = gnu11;
				GCC_NO_COMMON_BLOCKS = YES;
				GCC_WARN_64_TO_32_BIT_CONVERSION = YES;
				GCC_WARN_ABOUT_RETURN_TYPE = YES_ERROR;
				GCC_WARN_UNDECLARED_SELECTOR = YES;
				GCC_WARN_UNINITIALIZED_AUTOS = YES_AGGRESSIVE;
				GCC_WARN_UNUSED_FUNCTION = YES;
				GCC_WARN_UNUSED_VARIABLE = YES;
				MACOSX_DEPLOYMENT_TARGET = 10.15;
				MTL_ENABLE_DEBUG_INFO = NO;
				MTL_FAST_MATH = YES;
				SDKROOT = macosx;
			};
			name = Release;
		};
		6038C3FA241E233400C6EF82 /* Debug */ = {
			isa = XCBuildConfiguration;
			buildSettings = {
				CODE_SIGN_IDENTITY = "-";
				CODE_SIGN_STYLE = Automatic;
				PRODUCT_NAME = "$(TARGET_NAME)";
			};
			name = Debug;
		};
		6038C3FB241E233400C6EF82 /* Release */ = {
			isa = XCBuildConfiguration;
			buildSettings = {
				CODE_SIGN_IDENTITY = "-";
				CODE_SIGN_STYLE = Automatic;
				PRODUCT_NAME = "$(TARGET_NAME)";
			};
			name = Release;
		};
/* End XCBuildConfiguration section */

/* Begin XCConfigurationList section */
		6038C3ED241E233400C6EF82 /* Build configuration list for PBXProject "Quoridor Alexandre_picault&Foucaud_du_Portal" */ = {
			isa = XCConfigurationList;
			buildConfigurations = (
				6038C3F7241E233400C6EF82 /* Debug */,
				6038C3F8241E233400C6EF82 /* Release */,
			);
			defaultConfigurationIsVisible = 0;
			defaultConfigurationName = Release;
		};
		6038C3F9241E233400C6EF82 /* Build configuration list for PBXNativeTarget "Quoridor Alexandre_picault&Foucaud_du_Portal" */ = {
			isa = XCConfigurationList;
			buildConfigurations = (
				6038C3FA241E233400C6EF82 /* Debug */,
				6038C3FB241E233400C6EF82 /* Release */,
			);
			defaultConfigurationIsVisible = 0;
			defaultConfigurationName = Release;
		};
/* End XCConfigurationList section */
	};
	rootObject = 6038C3EA241E233400C6EF82 /* Project object */;
}
